
Microsoft Visual Studio Solution File, Format Version 12.00
# Visual Studio Version 17
VisualStudioVersion = 17.8.34322.80
MinimumVisualStudioVersion = 10.0.40219.1
Project("{FAE04EC0-301F-11D3-BF4B-00C04F79EFBC}") = "CafeManagement", "CafeManagement.csproj", "{A2193613-1895-47A9-B951-33FF174490B1}"
EndProject
Global
	GlobalSection(SolutionConfigurationPlatforms) = preSolution
		Debug|Any CPU = Debug|Any CPU
		Release|Any CPU = Release|Any CPU
	EndGlobalSection
	GlobalSection(ProjectConfigurationPlatforms) = postSolution
		{A2193613-1895-47A9-B951-33FF174490B1}.Debug|Any CPU.ActiveCfg = Debug|Any CPU
		{A2193613-1895-47A9-B951-33FF174490B1}.Debug|Any CPU.Build.0 = Debug|Any CPU
		{A2193613-1895-47A9-B951-33FF174490B1}.Release|Any CPU.ActiveCfg = Release|Any CPU
		{A2193613-1895-47A9-B951-33FF174490B1}.Release|Any CPU.Build.0 = Release|Any CPU
	EndGlobalSection
	GlobalSection(SolutionProperties) = preSolution
		HideSolutionNode = FALSE
	EndGlobalSection
	GlobalSection(ExtensibilityGlobals) = postSolution
		SolutionGuid = {E949E1D1-E443-45EE-B387-EE4753BDB70A}
	EndGlobalSection
EndGlobal
